
Microsoft Visual Studio Solution File, Format Version 12.00
# Visual Studio Version 17
VisualStudioVersion = 17.7.34221.43
MinimumVisualStudioVersion = 10.0.40219.1
Project("{FAE04EC0-301F-11D3-BF4B-00C04F79EFBC}") = "PROJE2", "PROJE2\PROJE2.csproj", "{C86AD016-69DE-41A3-ACEA-B10F21CB76C1}"
EndProject
Global
	GlobalSection(SolutionConfigurationPlatforms) = preSolution
		Debug|Any CPU = Debug|Any CPU
		Release|Any CPU = Release|Any CPU
	EndGlobalSection
	GlobalSection(ProjectConfigurationPlatforms) = postSolution
		{C86AD016-69DE-41A3-ACEA-B10F21CB76C1}.Debug|Any CPU.ActiveCfg = Debug|Any CPU
		{C86AD016-69DE-41A3-ACEA-B10F21CB76C1}.Debug|Any CPU.Build.0 = Debug|Any CPU
		{C86AD016-69DE-41A3-ACEA-B10F21CB76C1}.Release|Any CPU.ActiveCfg = Release|Any CPU
		{C86AD016-69DE-41A3-ACEA-B10F21CB76C1}.Release|Any CPU.Build.0 = Release|Any CPU
	EndGlobalSection
	GlobalSection(SolutionProperties) = preSolution
		HideSolutionNode = FALSE
	EndGlobalSection
	GlobalSection(ExtensibilityGlobals) = postSolution
		SolutionGuid = {6396A974-0DA2-4051-BAA7-6EB1125FD080}
	EndGlobalSection
EndGlobal
